{
  "requires": true,
  "lockfileVersion": 1,
  "dependencies": {
    "core-js": {
      "version": "3.8.2",
      "resolved": "https://registry.npmjs.org/core-js/-/core-js-3.8.2.tgz",
      "integrity": "sha512-FfApuSRgrR6G5s58casCBd9M2k+4ikuu4wbW6pJyYU7bd9zvFc9qf7vr5xmrZOhT9nn+8uwlH1oRR9jTnFoA3A=="
    },
    "element-ready": {
      "version": "4.1.1",
      "resolved": "https://registry.npmjs.org/element-ready/-/element-ready-4.1.1.tgz",
      "integrity": "sha512-GdMA0nVR8YL9adRU//YCwI0aunw4d8oI+9gSH2kJLwcdsYBoGUWbG79AGfvcmlUyLE+amZXOe1VX2nTlcsxYBQ==",
      "requires": {
        "many-keys-map": "^1.0.1",
        "p-defer": "^3.0.0"
      }
    },
    "gridjs": {
      "version": "3.2.1",
      "resolved": "https://registry.npmjs.org/gridjs/-/gridjs-3.2.1.tgz",
      "integrity": "sha512-2g2doNGj1/6PUUbT2uAyJ8myDUX/BnQDpLBUC5WWXxpZjYGxK9tg4mm+Yp34/WiUCIjQHWq6TEVKjmY8GKWDlA==",
      "requires": {
        "preact": "^10.5.7",
        "tslib": "^2.0.1"
      }
    },
    "gridjs-vue": {
      "version": "3.2.1",
      "resolved": "https://registry.npmjs.org/gridjs-vue/-/gridjs-vue-3.2.1.tgz",
      "integrity": "sha512-Z+D9m6J29bmdelkZLT8F7CoSiUwLR3gKIUMX8CZxIpAqr0TWYdsY78Vm2gdchbGCpSEycdCczC4VrHNFPgsX3w==",
      "requires": {
        "element-ready": "^4.1.1",
        "gridjs": "^3.2.1",
        "nanoid": "^3.1.10",
        "vue-runtime-helpers": "1.1.2"
      }
    },
    "many-keys-map": {
      "version": "1.0.3",
      "resolved": "https://registry.npmjs.org/many-keys-map/-/many-keys-map-1.0.3.tgz",
      "integrity": "sha512-Iguobalgc8YO1kbN1U9R/j6u3QFf6bwIh37HKYFgEtUJNJd79INgLwtdiiOgBPoBqZ/ZVc4zziRaVg0EiJ+82g=="
    },
    "nanoid": {
      "version": "3.1.20",
      "resolved": "https://registry.npmjs.org/nanoid/-/nanoid-3.1.20.tgz",
      "integrity": "sha512-a1cQNyczgKbLX9jwbS/+d7W8fX/RfgYR7lVWwWOGIPNgK2m0MWvrGF6/m4kk6U3QcFMnZf3RIhL0v2Jgh/0Uxw=="
    },
    "p-defer": {
      "version": "3.0.0",
      "resolved": "https://registry.npmjs.org/p-defer/-/p-defer-3.0.0.tgz",
      "integrity": "sha512-ugZxsxmtTln604yeYd29EGrNhazN2lywetzpKhfmQjW/VJmhpDmWbiX+h0zL8V91R0UXkhb3KtPmyq9PZw3aYw=="
    },
    "preact": {
      "version": "10.5.9",
      "resolved": "https://registry.npmjs.org/preact/-/preact-10.5.9.tgz",
      "integrity": "sha512-X4m+4VMVINl/JFQKALOCwa3p8vhMAhBvle0hJ/W44w/WWfNb2TA7RNicDV3K2dNVs57f61GviEnVLiwN+fxiIg=="
    },
    "sweetalert2": {
      "version": "10.13.0",
      "resolved": "https://registry.npmjs.org/sweetalert2/-/sweetalert2-10.13.0.tgz",
      "integrity": "sha512-kF6Pnr7s7GDqVYRqqgyfxvG5vlUqfP+j+JF7oZ7DOs0/35jg6sTu8hyi6oD6Rb3fIKWIf1S9mCU7wR8iKa7dAA=="
    },
    "tslib": {
      "version": "2.1.0",
      "resolved": "https://registry.npmjs.org/tslib/-/tslib-2.1.0.tgz",
      "integrity": "sha512-hcVC3wYEziELGGmEEXue7D75zbwIIVUMWAVbHItGPx0ziyXxrOMQx4rQEVEV45Ut/1IotuEvwqPopzIOkDMf0A=="
    },
    "vue-runtime-helpers": {
      "version": "1.1.2",
      "resolved": "https://registry.npmjs.org/vue-runtime-helpers/-/vue-runtime-helpers-1.1.2.tgz",
      "integrity": "sha512-pZfGp+PW/IXEOyETE09xQHR1CKkR9HfHZdnMD/FVLUNI+HxYTa82evx5WrF6Kz4s82qtqHvMZ8MZpbk2zT2E1Q=="
    }
  }
}
